
Microsoft Visual Studio Solution File, Format Version 12.00
# Visual Studio 14
VisualStudioVersion = 14.0.25420.1
MinimumVisualStudioVersion = 10.0.40219.1
Project("{FAE04EC0-301F-11D3-BF4B-00C04F79EFBC}") = "EasyDAQ61902AIAO-Demo", "EasyDAQ61902AIAO-Demo\EasyDAQ61902AIAO-Demo.csproj", "{6FEC670E-2B16-4FC3-B582-3CA18E876883}"
EndProject
Project("{FAE04EC0-301F-11D3-BF4B-00C04F79EFBC}") = "EasyDAQ61902DIDO-Demo", "EasyDAQ61902DIDO-Demo\EasyDAQ61902DIDO-Demo.csproj", "{6D3ABDAC-05A2-479E-A0CD-876ACF879AA7}"
EndProject
Global
	GlobalSection(SolutionConfigurationPlatforms) = preSolution
		Debug|Any CPU = Debug|Any CPU
		Release|Any CPU = Release|Any CPU
	EndGlobalSection
	GlobalSection(ProjectConfigurationPlatforms) = postSolution
		{6FEC670E-2B16-4FC3-B582-3CA18E876883}.Debug|Any CPU.ActiveCfg = Debug|Any CPU
		{6FEC670E-2B16-4FC3-B582-3CA18E876883}.Debug|Any CPU.Build.0 = Debug|Any CPU
		{6FEC670E-2B16-4FC3-B582-3CA18E876883}.Release|Any CPU.ActiveCfg = Release|Any CPU
		{6FEC670E-2B16-4FC3-B582-3CA18E876883}.Release|Any CPU.Build.0 = Release|Any CPU
		{6D3ABDAC-05A2-479E-A0CD-876ACF879AA7}.Debug|Any CPU.ActiveCfg = Debug|Any CPU
		{6D3ABDAC-05A2-479E-A0CD-876ACF879AA7}.Debug|Any CPU.Build.0 = Debug|Any CPU
		{6D3ABDAC-05A2-479E-A0CD-876ACF879AA7}.Release|Any CPU.ActiveCfg = Release|Any CPU
		{6D3ABDAC-05A2-479E-A0CD-876ACF879AA7}.Release|Any CPU.Build.0 = Release|Any CPU
	EndGlobalSection
	GlobalSection(SolutionProperties) = preSolution
		HideSolutionNode = FALSE
	EndGlobalSection
EndGlobal
