
Microsoft Visual Studio Solution File, Format Version 12.00
# Visual Studio 14
VisualStudioVersion = 14.0.25420.1
MinimumVisualStudioVersion = 10.0.40219.1
Project("{FAE04EC0-301F-11D3-BF4B-00C04F79EFBC}") = "DsaSoftPanel", "DsaSoftPanel\DsaSoftPanel.csproj", "{44982AFC-FAA9-424D-B71F-974AF91D8115}"
EndProject
Project("{FAE04EC0-301F-11D3-BF4B-00C04F79EFBC}") = "CustomControls", "CustomControls\CustomControls.csproj", "{00688784-0C57-41AC-986A-D6FA1683731B}"
EndProject
Global
	GlobalSection(SolutionConfigurationPlatforms) = preSolution
		Debug|Any CPU = Debug|Any CPU
		Release|Any CPU = Release|Any CPU
	EndGlobalSection
	GlobalSection(ProjectConfigurationPlatforms) = postSolution
		{44982AFC-FAA9-424D-B71F-974AF91D8115}.Debug|Any CPU.ActiveCfg = Debug|Any CPU
		{44982AFC-FAA9-424D-B71F-974AF91D8115}.Debug|Any CPU.Build.0 = Debug|Any CPU
		{44982AFC-FAA9-424D-B71F-974AF91D8115}.Release|Any CPU.ActiveCfg = Release|Any CPU
		{44982AFC-FAA9-424D-B71F-974AF91D8115}.Release|Any CPU.Build.0 = Release|Any CPU
		{00688784-0C57-41AC-986A-D6FA1683731B}.Debug|Any CPU.ActiveCfg = Debug|Any CPU
		{00688784-0C57-41AC-986A-D6FA1683731B}.Debug|Any CPU.Build.0 = Debug|Any CPU
		{00688784-0C57-41AC-986A-D6FA1683731B}.Release|Any CPU.ActiveCfg = Release|Any CPU
		{00688784-0C57-41AC-986A-D6FA1683731B}.Release|Any CPU.Build.0 = Release|Any CPU
	EndGlobalSection
	GlobalSection(SolutionProperties) = preSolution
		HideSolutionNode = FALSE
	EndGlobalSection
EndGlobal
